{
  "name": "funpackage",
  "version": "1.0.0",
  "lockfileVersion": 1,
  "requires": true,
  "dependencies": {
    "random-rick-and-morty-character": {
      "version": "1.1.19",
      "resolved": "https://registry.npmjs.org/random-rick-and-morty-character/-/random-rick-and-morty-character-1.1.19.tgz",
      "integrity": "sha512-Wnr9S/Ds4weS1JIHYF8WV4tLw8XbrCkBM5HVBaPbwiHG7dNTmyz7NNuCq5yw7PiRdKnEBGPzD2sN9zIgKBml3g=="
    }
  }
}
